// !$*UTF8*$!
{
	archiveVersion = 1;
	classes = {
	};
	objectVersion = 46;
	objects = {

/* Begin PBXBuildFile section */
		11968F26169C495F007D24F8 /* UIKit.framework in Frameworks */ = {isa = PBXBuildFile; fileRef = 11968F25169C495F007D24F8 /* UIKit.framework */; };
		11968F28169C495F007D24F8 /* Foundation.framework in Frameworks */ = {isa = PBXBuildFile; fileRef = 11968F27169C495F007D24F8 /* Foundation.framework */; };
		11968F2A169C495F007D24F8 /* CoreGraphics.framework in Frameworks */ = {isa = PBXBuildFile; fileRef = 11968F29169C495F007D24F8 /* CoreGraphics.framework */; };
		11968F30169C495F007D24F8 /* InfoPlist.strings in Resources */ = {isa = PBXBuildFile; fileRef = 11968F2E169C495F007D24F8 /* InfoPlist.strings */; };
		11968F32169C495F007D24F8 /* main.m in Sources */ = {isa = PBXBuildFile; fileRef = 11968F31169C495F007D24F8 /* main.m */; };
		11968F36169C495F007D24F8 /* DSAppDelegate.m in Sources */ = {isa = PBXBuildFile; fileRef = 11968F35169C495F007D24F8 /* DSAppDelegate.m */; };
		11968F38169C495F007D24F8 /* Default.png in Resources */ = {isa = PBXBuildFile; fileRef = 11968F37169C495F007D24F8 /* Default.png */; };
		11968F3A169C495F007D24F8 /* Default@2x.png in Resources */ = {isa = PBXBuildFile; fileRef = 11968F39169C495F007D24F8 /* Default@2x.png */; };
		11968F3C169C495F007D24F8 /* Default-568h@2x.png in Resources */ = {isa = PBXBuildFile; fileRef = 11968F3B169C495F007D24F8 /* Default-568h@2x.png */; };
		11968F3F169C495F007D24F8 /* DSViewController.m in Sources */ = {isa = PBXBuildFile; fileRef = 11968F3E169C495F007D24F8 /* DSViewController.m */; };
		11968F42169C495F007D24F8 /* DSViewController.xib in Resources */ = {isa = PBXBuildFile; fileRef = 11968F40169C495F007D24F8 /* DSViewController.xib */; };
/* End PBXBuildFile section */

/* Begin PBXFileReference section */
		11968F21169C495F007D24F8 /* MenuBar.app */ = {isa = PBXFileReference; explicitFileType = wrapper.application; includeInIndex = 0; path = MenuBar.app; sourceTree = BUILT_PRODUCTS_DIR; };
		11968F25169C495F007D24F8 /* UIKit.framework */ = {isa = PBXFileReference; lastKnownFileType = wrapper.framework; name = UIKit.framework; path = System/Library/Frameworks/UIKit.framework; sourceTree = SDKROOT; };
		11968F27169C495F007D24F8 /* Foundation.framework */ = {isa = PBXFileReference; lastKnownFileType = wrapper.framework; name = Foundation.framework; path = System/Library/Frameworks/Foundation.framework; sourceTree = SDKROOT; };
		11968F29169C495F007D24F8 /* CoreGraphics.framework */ = {isa = PBXFileReference; lastKnownFileType = wrapper.framework; name = CoreGraphics.framework; path = System/Library/Frameworks/CoreGraphics.framework; sourceTree = SDKROOT; };
		11968F2D169C495F007D24F8 /* MenuBar-Info.plist */ = {isa = PBXFileReference; lastKnownFileType = text.plist.xml; path = "MenuBar-Info.plist"; sourceTree = "<group>"; };
		11968F2F169C495F007D24F8 /* en */ = {isa = PBXFileReference; lastKnownFileType = text.plist.strings; name = en; path = en.lproj/InfoPlist.strings; sourceTree = "<group>"; };
		11968F31169C495F007D24F8 /* main.m */ = {isa = PBXFileReference; lastKnownFileType = sourcecode.c.objc; path = main.m; sourceTree = "<group>"; };
		11968F33169C495F007D24F8 /* MenuBar-Prefix.pch */ = {isa = PBXFileReference; lastKnownFileType = sourcecode.c.h; path = "MenuBar-Prefix.pch"; sourceTree = "<group>"; };
		11968F34169C495F007D24F8 /* DSAppDelegate.h */ = {isa = PBXFileReference; lastKnownFileType = sourcecode.c.h; path = DSAppDelegate.h; sourceTree = "<group>"; };
		11968F35169C495F007D24F8 /* DSAppDelegate.m */ = {isa = PBXFileReference; lastKnownFileType = sourcecode.c.objc; path = DSAppDelegate.m; sourceTree = "<group>"; };
		11968F37169C495F007D24F8 /* Default.png */ = {isa = PBXFileReference; lastKnownFileType = image.png; path = Default.png; sourceTree = "<group>"; };
		11968F39169C495F007D24F8 /* Default@2x.png */ = {isa = PBXFileReference; lastKnownFileType = image.png; path = "Default@2x.png"; sourceTree = "<group>"; };
		11968F3B169C495F007D24F8 /* Default-568h@2x.png */ = {isa = PBXFileReference; lastKnownFileType = image.png; path = "Default-568h@2x.png"; sourceTree = "<group>"; };
		11968F3D169C495F007D24F8 /* DSViewController.h */ = {isa = PBXFileReference; lastKnownFileType = sourcecode.c.h; path = DSViewController.h; sourceTree = "<group>"; };
		11968F3E169C495F007D24F8 /* DSViewController.m */ = {isa = PBXFileReference; lastKnownFileType = sourcecode.c.objc; path = DSViewController.m; sourceTree = "<group>"; };
		11968F41169C495F007D24F8 /* en */ = {isa = PBXFileReference; lastKnownFileType = file.xib; name = en; path = en.lproj/DSViewController.xib; sourceTree = "<group>"; };
/* End PBXFileReference section */

/* Begin PBXFrameworksBuildPhase section */
		11968F1E169C495F007D24F8 /* Frameworks */ = {
			isa = PBXFrameworksBuildPhase;
			buildActionMask = 2147483647;
			files = (
				11968F26169C495F007D24F8 /* UIKit.framework in Frameworks */,
				11968F28169C495F007D24F8 /* Foundation.framework in Frameworks */,
				11968F2A169C495F007D24F8 /* CoreGraphics.framework in Frameworks */,
			);
			runOnlyForDeploymentPostprocessing = 0;
		};
/* End PBXFrameworksBuildPhase section */

/* Begin PBXGroup section */
		11968F16169C495F007D24F8 = {
			isa = PBXGroup;
			children = (
				11968F2B169C495F007D24F8 /* MenuBar */,
				11968F24169C495F007D24F8 /* Frameworks */,
				11968F22169C495F007D24F8 /* Products */,
			);
			sourceTree = "<group>";
		};
		11968F22169C495F007D24F8 /* Products */ = {
			isa = PBXGroup;
			children = (
				11968F21169C495F007D24F8 /* MenuBar.app */,
			);
			name = Products;
			sourceTree = "<group>";
		};
		11968F24169C495F007D24F8 /* Frameworks */ = {
			isa = PBXGroup;
			children = (
				11968F25169C495F007D24F8 /* UIKit.framework */,
				11968F27169C495F007D24F8 /* Foundation.framework */,
				11968F29169C495F007D24F8 /* CoreGraphics.framework */,
			);
			name = Frameworks;
			sourceTree = "<group>";
		};
		11968F2B169C495F007D24F8 /* MenuBar */ = {
			isa = PBXGroup;
			children = (
				11968F34169C495F007D24F8 /* DSAppDelegate.h */,
				11968F35169C495F007D24F8 /* DSAppDelegate.m */,
				11968F3D169C495F007D24F8 /* DSViewController.h */,
				11968F3E169C495F007D24F8 /* DSViewController.m */,
				11968F40169C495F007D24F8 /* DSViewController.xib */,
				11968F2C169C495F007D24F8 /* Supporting Files */,
			);
			path = MenuBar;
			sourceTree = "<group>";
		};
		11968F2C169C495F007D24F8 /* Supporting Files */ = {
			isa = PBXGroup;
			children = (
				11968F2D169C495F007D24F8 /* MenuBar-Info.plist */,
				11968F2E169C495F007D24F8 /* InfoPlist.strings */,
				11968F31169C495F007D24F8 /* main.m */,
				11968F33169C495F007D24F8 /* MenuBar-Prefix.pch */,
				11968F37169C495F007D24F8 /* Default.png */,
				11968F39169C495F007D24F8 /* Default@2x.png */,
				11968F3B169C495F007D24F8 /* Default-568h@2x.png */,
			);
			name = "Supporting Files";
			sourceTree = "<group>";
		};
/* End PBXGroup section */

/* Begin PBXNativeTarget section */
		11968F20169C495F007D24F8 /* MenuBar */ = {
			isa = PBXNativeTarget;
			buildConfigurationList = 11968F45169C495F007D24F8 /* Build configuration list for PBXNativeTarget "MenuBar" */;
			buildPhases = (
				11968F1D169C495F007D24F8 /* Sources */,
				11968F1E169C495F007D24F8 /* Frameworks */,
				11968F1F169C495F007D24F8 /* Resources */,
			);
			buildRules = (
			);
			dependencies = (
			);
			name = MenuBar;
			productName = MenuBar;
			productReference = 11968F21169C495F007D24F8 /* MenuBar.app */;
			productType = "com.apple.product-type.application";
		};
/* End PBXNativeTarget section */

/* Begin PBXProject section */
		11968F18169C495F007D24F8 /* Project object */ = {
			isa = PBXProject;
			attributes = {
				CLASSPREFIX = DS;
				LastUpgradeCheck = 0450;
				ORGANIZATIONNAME = "Dima Sai";
			};
			buildConfigurationList = 11968F1B169C495F007D24F8 /* Build configuration list for PBXProject "MenuBar" */;
			compatibilityVersion = "Xcode 3.2";
			developmentRegion = English;
			hasScannedForEncodings = 0;
			knownRegions = (
				en,
			);
			mainGroup = 11968F16169C495F007D24F8;
			productRefGroup = 11968F22169C495F007D24F8 /* Products */;
			projectDirPath = "";
			projectRoot = "";
			targets = (
				11968F20169C495F007D24F8 /* MenuBar */,
			);
		};
/* End PBXProject section */

/* Begin PBXResourcesBuildPhase section */
		11968F1F169C495F007D24F8 /* Resources */ = {
			isa = PBXResourcesBuildPhase;
			buildActionMask = 2147483647;
			files = (
				11968F30169C495F007D24F8 /* InfoPlist.strings in Resources */,
				11968F38169C495F007D24F8 /* Default.png in Resources */,
				11968F3A169C495F007D24F8 /* Default@2x.png in Resources */,
				11968F3C169C495F007D24F8 /* Default-568h@2x.png in Resources */,
				11968F42169C495F007D24F8 /* DSViewController.xib in Resources */,
			);
			runOnlyForDeploymentPostprocessing = 0;
		};
/* End PBXResourcesBuildPhase section */

/* Begin PBXSourcesBuildPhase section */
		11968F1D169C495F007D24F8 /* Sources */ = {
			isa = PBXSourcesBuildPhase;
			buildActionMask = 2147483647;
			files = (
				11968F32169C495F007D24F8 /* main.m in Sources */,
				11968F36169C495F007D24F8 /* DSAppDelegate.m in Sources */,
				11968F3F169C495F007D24F8 /* DSViewController.m in Sources */,
			);
			runOnlyForDeploymentPostprocessing = 0;
		};
/* End PBXSourcesBuildPhase section */

/* Begin PBXVariantGroup section */
		11968F2E169C495F007D24F8 /* InfoPlist.strings */ = {
			isa = PBXVariantGroup;
			children = (
				11968F2F169C495F007D24F8 /* en */,
			);
			name = InfoPlist.strings;
			sourceTree = "<group>";
		};
		11968F40169C495F007D24F8 /* DSViewController.xib */ = {
			isa = PBXVariantGroup;
			children = (
				11968F41169C495F007D24F8 /* en */,
			);
			name = DSViewController.xib;
			sourceTree = "<group>";
		};
/* End PBXVariantGroup section */

/* Begin XCBuildConfiguration section */
		11968F43169C495F007D24F8 /* Debug */ = {
			isa = XCBuildConfiguration;
			buildSettings = {
				ALWAYS_SEARCH_USER_PATHS = NO;
				CLANG_CXX_LANGUAGE_STANDARD = "gnu++0x";
				CLANG_CXX_LIBRARY = "libc++";
				CLANG_ENABLE_OBJC_ARC = YES;
				CLANG_WARN_EMPTY_BODY = YES;
				CLANG_WARN__DUPLICATE_METHOD_MATCH = YES;
				"CODE_SIGN_IDENTITY[sdk=iphoneos*]" = "iPhone Developer";
				COPY_PHASE_STRIP = NO;
				GCC_C_LANGUAGE_STANDARD = gnu99;
				GCC_DYNAMIC_NO_PIC = NO;
				GCC_OPTIMIZATION_LEVEL = 0;
				GCC_PREPROCESSOR_DEFINITIONS = (
					"DEBUG=1",
					"$(inherited)",
				);
				GCC_SYMBOLS_PRIVATE_EXTERN = NO;
				GCC_WARN_ABOUT_RETURN_TYPE = YES;
				GCC_WARN_UNINITIALIZED_AUTOS = YES;
				GCC_WARN_UNUSED_VARIABLE = YES;
				IPHONEOS_DEPLOYMENT_TARGET = 6.0;
				SDKROOT = iphoneos;
			};
			name = Debug;
		};
		11968F44169C495F007D24F8 /* Release */ = {
			isa = XCBuildConfiguration;
			buildSettings = {
				ALWAYS_SEARCH_USER_PATHS = NO;
				CLANG_CXX_LANGUAGE_STANDARD = "gnu++0x";
				CLANG_CXX_LIBRARY = "libc++";
				CLANG_ENABLE_OBJC_ARC = YES;
				CLANG_WARN_EMPTY_BODY = YES;
				CLANG_WARN__DUPLICATE_METHOD_MATCH = YES;
				"CODE_SIGN_IDENTITY[sdk=iphoneos*]" = "iPhone Developer";
				COPY_PHASE_STRIP = YES;
				GCC_C_LANGUAGE_STANDARD = gnu99;
				GCC_WARN_ABOUT_RETURN_TYPE = YES;
				GCC_WARN_UNINITIALIZED_AUTOS = YES;
				GCC_WARN_UNUSED_VARIABLE = YES;
				IPHONEOS_DEPLOYMENT_TARGET = 6.0;
				OTHER_CFLAGS = "-DNS_BLOCK_ASSERTIONS=1";
				SDKROOT = iphoneos;
				VALIDATE_PRODUCT = YES;
			};
			name = Release;
		};
		11968F46169C495F007D24F8 /* Debug */ = {
			isa = XCBuildConfiguration;
			buildSettings = {
				GCC_PRECOMPILE_PREFIX_HEADER = YES;
				GCC_PREFIX_HEADER = "MenuBar/MenuBar-Prefix.pch";
				INFOPLIST_FILE = "MenuBar/MenuBar-Info.plist";
				PRODUCT_NAME = "$(TARGET_NAME)";
				WRAPPER_EXTENSION = app;
			};
			name = Debug;
		};
		11968F47169C495F007D24F8 /* Release */ = {
			isa = XCBuildConfiguration;
			buildSettings = {
				GCC_PRECOMPILE_PREFIX_HEADER = YES;
				GCC_PREFIX_HEADER = "MenuBar/MenuBar-Prefix.pch";
				INFOPLIST_FILE = "MenuBar/MenuBar-Info.plist";
				PRODUCT_NAME = "$(TARGET_NAME)";
				WRAPPER_EXTENSION = app;
			};
			name = Release;
		};
/* End XCBuildConfiguration section */

/* Begin XCConfigurationList section */
		11968F1B169C495F007D24F8 /* Build configuration list for PBXProject "MenuBar" */ = {
			isa = XCConfigurationList;
			buildConfigurations = (
				11968F43169C495F007D24F8 /* Debug */,
				11968F44169C495F007D24F8 /* Release */,
			);
			defaultConfigurationIsVisible = 0;
			defaultConfigurationName = Release;
		};
		11968F45169C495F007D24F8 /* Build configuration list for PBXNativeTarget "MenuBar" */ = {
			isa = XCConfigurationList;
			buildConfigurations = (
				11968F46169C495F007D24F8 /* Debug */,
				11968F47169C495F007D24F8 /* Release */,
			);
			defaultConfigurationIsVisible = 0;
		};
/* End XCConfigurationList section */
	};
	rootObject = 11968F18169C495F007D24F8 /* Project object */;
}
